
Microsoft Visual Studio Solution File, Format Version 12.00
# Visual Studio Version 17
VisualStudioVersion = 17.13.35931.197 d17.13
MinimumVisualStudioVersion = 10.0.40219.1
Project("{FAE04EC0-301F-11D3-BF4B-00C04F79EFBC}") = "EserciziConsole0805", "EserciziConsole0805\EserciziConsole0805.csproj", "{F1363E20-8F37-475D-85D3-443F4D7016AE}"
EndProject
Global
	GlobalSection(SolutionConfigurationPlatforms) = preSolution
		Debug|Any CPU = Debug|Any CPU
		Release|Any CPU = Release|Any CPU
	EndGlobalSection
	GlobalSection(ProjectConfigurationPlatforms) = postSolution
		{F1363E20-8F37-475D-85D3-443F4D7016AE}.Debug|Any CPU.ActiveCfg = Debug|Any CPU
		{F1363E20-8F37-475D-85D3-443F4D7016AE}.Debug|Any CPU.Build.0 = Debug|Any CPU
		{F1363E20-8F37-475D-85D3-443F4D7016AE}.Release|Any CPU.ActiveCfg = Release|Any CPU
		{F1363E20-8F37-475D-85D3-443F4D7016AE}.Release|Any CPU.Build.0 = Release|Any CPU
	EndGlobalSection
	GlobalSection(SolutionProperties) = preSolution
		HideSolutionNode = FALSE
	EndGlobalSection
	GlobalSection(ExtensibilityGlobals) = postSolution
		SolutionGuid = {A90FA772-E5C8-417E-9DFA-A82F3978D591}
	EndGlobalSection
EndGlobal
